// !$*UTF8*$!
{
	archiveVersion = 1;
	classes = {
	};
	objectVersion = 46;
	objects = {

/* Begin PBXBuildFile section */
		4E1A4C4E1CC2A7DD00D3E550 /* TakeDrugVC.m in Sources */ = {isa = PBXBuildFile; fileRef = 4E1A4C4D1CC2A7DD00D3E550 /* TakeDrugVC.m */; };
		4E1A4C511CC4C89700D3E550 /* DrugLeftVC.m in Sources */ = {isa = PBXBuildFile; fileRef = 4E1A4C501CC4C89700D3E550 /* DrugLeftVC.m */; };
		4E1A4C541CC584B300D3E550 /* WhatFeelingVC.m in Sources */ = {isa = PBXBuildFile; fileRef = 4E1A4C531CC584B300D3E550 /* WhatFeelingVC.m */; };
		4E1EE2641CD29E8200611C5D /* DetailViewController.swift in Sources */ = {isa = PBXBuildFile; fileRef = 4E1EE2631CD29E8200611C5D /* DetailViewController.swift */; };
		4E1EE2661CD2A46A00611C5D /* CureVC.swift in Sources */ = {isa = PBXBuildFile; fileRef = 4E1EE2651CD2A46A00611C5D /* CureVC.swift */; };
		4E3C40CE1CD2C0AD00CC54DF /* DrugScanVC.swift in Sources */ = {isa = PBXBuildFile; fileRef = 4E3C40CD1CD2C0AD00CC54DF /* DrugScanVC.swift */; };
		4E3C40D01CD2C1C100CC54DF /* OrdoScanVC.swift in Sources */ = {isa = PBXBuildFile; fileRef = 4E3C40CF1CD2C1C100CC54DF /* OrdoScanVC.swift */; };
		4E3C40D21CD2C74A00CC54DF /* TabBarVC.swift in Sources */ = {isa = PBXBuildFile; fileRef = 4E3C40D11CD2C74A00CC54DF /* TabBarVC.swift */; };
		4E3C40D41CD3F95C00CC54DF /* OtherCureVC.swift in Sources */ = {isa = PBXBuildFile; fileRef = 4E3C40D31CD3F95C00CC54DF /* OtherCureVC.swift */; };
		4E3C40D61CD4132A00CC54DF /* TipsVC.swift in Sources */ = {isa = PBXBuildFile; fileRef = 4E3C40D51CD4132A00CC54DF /* TipsVC.swift */; };
		4E403B621E2940D70013B2E1 /* ObservamTests.swift in Sources */ = {isa = PBXBuildFile; fileRef = 4E403B611E2940D70013B2E1 /* ObservamTests.swift */; };
		4E8D8FA31CD88BD300FF8799 /* TakeDrugVC.swift in Sources */ = {isa = PBXBuildFile; fileRef = 4E8D8FA21CD88BD300FF8799 /* TakeDrugVC.swift */; };
		4E8D8FA51CDFE5EE00FF8799 /* FeelingVC.swift in Sources */ = {isa = PBXBuildFile; fileRef = 4E8D8FA41CDFE5EE00FF8799 /* FeelingVC.swift */; };
		4E8D8FA71CDFEA2200FF8799 /* TodayVC.swift in Sources */ = {isa = PBXBuildFile; fileRef = 4E8D8FA61CDFEA2200FF8799 /* TodayVC.swift */; };
		4E8D8FA91CE13CD600FF8799 /* WhatFeelingVC.swift in Sources */ = {isa = PBXBuildFile; fileRef = 4E8D8FA81CE13CD600FF8799 /* WhatFeelingVC.swift */; };
		4EC1E40A1CC79681004586B0 /* HistoryVC.m in Sources */ = {isa = PBXBuildFile; fileRef = 4EC1E4091CC79681004586B0 /* HistoryVC.m */; };
		4EC1E40E1CC93388004586B0 /* CareModel.swift in Sources */ = {isa = PBXBuildFile; fileRef = 4EC1E40D1CC93388004586B0 /* CareModel.swift */; };
		4EC1E4141CCE0548004586B0 /* HistoryVC_Swift.swift in Sources */ = {isa = PBXBuildFile; fileRef = 4EC1E4131CCE0548004586B0 /* HistoryVC_Swift.swift */; };
		4EC1E43B1CD01BB7004586B0 /* ProfilVC.swift in Sources */ = {isa = PBXBuildFile; fileRef = 4EC1E43A1CD01BB7004586B0 /* ProfilVC.swift */; };
		4EC1E43D1CD1223B004586B0 /* SplashVC.swift in Sources */ = {isa = PBXBuildFile; fileRef = 4EC1E43C1CD1223B004586B0 /* SplashVC.swift */; };
		4EC1E43F1CD1F25A004586B0 /* YouAndDoctorVC.swift in Sources */ = {isa = PBXBuildFile; fileRef = 4EC1E43E1CD1F25A004586B0 /* YouAndDoctorVC.swift */; };
		4EC6907B1CBC35F20031C764 /* main.m in Sources */ = {isa = PBXBuildFile; fileRef = 4EC6907A1CBC35F20031C764 /* main.m */; };
		4EC6907E1CBC35F20031C764 /* AppDelegate.m in Sources */ = {isa = PBXBuildFile; fileRef = 4EC6907D1CBC35F20031C764 /* AppDelegate.m */; };
		4EC690811CBC35F20031C764 /* TodayVC.m in Sources */ = {isa = PBXBuildFile; fileRef = 4EC690801CBC35F20031C764 /* TodayVC.m */; };
		4EC690841CBC35F20031C764 /* SymptomsVC.m in Sources */ = {isa = PBXBuildFile; fileRef = 4EC690831CBC35F20031C764 /* SymptomsVC.m */; };
		4EC690871CBC35F20031C764 /* Main.storyboard in Resources */ = {isa = PBXBuildFile; fileRef = 4EC690851CBC35F20031C764 /* Main.storyboard */; };
		4EC690891CBC35F20031C764 /* Assets.xcassets in Resources */ = {isa = PBXBuildFile; fileRef = 4EC690881CBC35F20031C764 /* Assets.xcassets */; };
		4EC6908C1CBC35F20031C764 /* LaunchScreen.storyboard in Resources */ = {isa = PBXBuildFile; fileRef = 4EC6908A1CBC35F20031C764 /* LaunchScreen.storyboard */; };
		4EC690A21CBC35F20031C764 /* ObservamUITests.m in Sources */ = {isa = PBXBuildFile; fileRef = 4EC690A11CBC35F20031C764 /* ObservamUITests.m */; };
		C767867486B4102B1A11A552 /* Pods_Observam.framework in Frameworks */ = {isa = PBXBuildFile; fileRef = 47149F04DA55632651615644 /* Pods_Observam.framework */; };
/* End PBXBuildFile section */

/* Begin PBXContainerItemProxy section */
		4E403B641E2940D70013B2E1 /* PBXContainerItemProxy */ = {
			isa = PBXContainerItemProxy;
			containerPortal = 4EC6906E1CBC35F10031C764 /* Project object */;
			proxyType = 1;
			remoteGlobalIDString = 4EC690751CBC35F10031C764;
			remoteInfo = Observam;
		};
		4EC690931CBC35F20031C764 /* PBXContainerItemProxy */ = {
			isa = PBXContainerItemProxy;
			containerPortal = 4EC6906E1CBC35F10031C764 /* Project object */;
			proxyType = 1;
			remoteGlobalIDString = 4EC690751CBC35F10031C764;
			remoteInfo = "Observ'am";
		};
		4EC6909E1CBC35F20031C764 /* PBXContainerItemProxy */ = {
			isa = PBXContainerItemProxy;
			containerPortal = 4EC6906E1CBC35F10031C764 /* Project object */;
			proxyType = 1;
			remoteGlobalIDString = 4EC690751CBC35F10031C764;
			remoteInfo = "Observ'am";
		};
/* End PBXContainerItemProxy section */

/* Begin PBXCopyFilesBuildPhase section */
		4EC1E4351CCEE3A6004586B0 /* Embed Frameworks */ = {
			isa = PBXCopyFilesBuildPhase;
			buildActionMask = 2147483647;
			dstPath = "";
			dstSubfolderSpec = 10;
			files = (
			);
			name = "Embed Frameworks";
			runOnlyForDeploymentPostprocessing = 0;
		};
/* End PBXCopyFilesBuildPhase section */

/* Begin PBXFileReference section */
		150AB75FC337C70E4B7BF47A /* Pods-Observam.release.xcconfig */ = {isa = PBXFileReference; includeInIndex = 1; lastKnownFileType = text.xcconfig; name = "Pods-Observam.release.xcconfig"; path = "Pods/Target Support Files/Pods-Observam/Pods-Observam.release.xcconfig"; sourceTree = "<group>"; };
		47149F04DA55632651615644 /* Pods_Observam.framework */ = {isa = PBXFileReference; explicitFileType = wrapper.framework; includeInIndex = 0; path = Pods_Observam.framework; sourceTree = BUILT_PRODUCTS_DIR; };
		4E1A4C4C1CC2A7DD00D3E550 /* TakeDrugVC.h */ = {isa = PBXFileReference; fileEncoding = 4; lastKnownFileType = sourcecode.c.h; path = TakeDrugVC.h; sourceTree = "<group>"; };
		4E1A4C4D1CC2A7DD00D3E550 /* TakeDrugVC.m */ = {isa = PBXFileReference; fileEncoding = 4; lastKnownFileType = sourcecode.c.objc; path = TakeDrugVC.m; sourceTree = "<group>"; };
		4E1A4C4F1CC4C89700D3E550 /* DrugLeftVC.h */ = {isa = PBXFileReference; fileEncoding = 4; lastKnownFileType = sourcecode.c.h; path = DrugLeftVC.h; sourceTree = "<group>"; };
		4E1A4C501CC4C89700D3E550 /* DrugLeftVC.m */ = {isa = PBXFileReference; fileEncoding = 4; lastKnownFileType = sourcecode.c.objc; path = DrugLeftVC.m; sourceTree = "<group>"; };
		4E1A4C521CC584B300D3E550 /* WhatFeelingVC.h */ = {isa = PBXFileReference; fileEncoding = 4; lastKnownFileType = sourcecode.c.h; path = WhatFeelingVC.h; sourceTree = "<group>"; };
		4E1A4C531CC584B300D3E550 /* WhatFeelingVC.m */ = {isa = PBXFileReference; fileEncoding = 4; lastKnownFileType = sourcecode.c.objc; path = WhatFeelingVC.m; sourceTree = "<group>"; };
		4E1EE2631CD29E8200611C5D /* DetailViewController.swift */ = {isa = PBXFileReference; fileEncoding = 4; lastKnownFileType = sourcecode.swift; path = DetailViewController.swift; sourceTree = "<group>"; };
		4E1EE2651CD2A46A00611C5D /* CureVC.swift */ = {isa = PBXFileReference; fileEncoding = 4; lastKnownFileType = sourcecode.swift; path = CureVC.swift; sourceTree = "<group>"; };
		4E3C40CD1CD2C0AD00CC54DF /* DrugScanVC.swift */ = {isa = PBXFileReference; fileEncoding = 4; lastKnownFileType = sourcecode.swift; path = DrugScanVC.swift; sourceTree = "<group>"; };
		4E3C40CF1CD2C1C100CC54DF /* OrdoScanVC.swift */ = {isa = PBXFileReference; fileEncoding = 4; lastKnownFileType = sourcecode.swift; path = OrdoScanVC.swift; sourceTree = "<group>"; };
		4E3C40D11CD2C74A00CC54DF /* TabBarVC.swift */ = {isa = PBXFileReference; fileEncoding = 4; lastKnownFileType = sourcecode.swift; path = TabBarVC.swift; sourceTree = "<group>"; };
		4E3C40D31CD3F95C00CC54DF /* OtherCureVC.swift */ = {isa = PBXFileReference; fileEncoding = 4; lastKnownFileType = sourcecode.swift; path = OtherCureVC.swift; sourceTree = "<group>"; };
		4E3C40D51CD4132A00CC54DF /* TipsVC.swift */ = {isa = PBXFileReference; fileEncoding = 4; lastKnownFileType = sourcecode.swift; path = TipsVC.swift; sourceTree = "<group>"; };
		4E403B5A1E27DFA40013B2E1 /* Podfile */ = {isa = PBXFileReference; lastKnownFileType = text; path = Podfile; sourceTree = "<group>"; xcLanguageSpecificationIdentifier = xcode.lang.ruby; };
		4E403B5F1E2940D70013B2E1 /* ObservamTests.xctest */ = {isa = PBXFileReference; explicitFileType = wrapper.cfbundle; includeInIndex = 0; path = ObservamTests.xctest; sourceTree = BUILT_PRODUCTS_DIR; };
		4E403B611E2940D70013B2E1 /* ObservamTests.swift */ = {isa = PBXFileReference; lastKnownFileType = sourcecode.swift; path = ObservamTests.swift; sourceTree = "<group>"; };
		4E403B631E2940D70013B2E1 /* Info.plist */ = {isa = PBXFileReference; lastKnownFileType = text.plist.xml; path = Info.plist; sourceTree = "<group>"; };
		4E8D8FA21CD88BD300FF8799 /* TakeDrugVC.swift */ = {isa = PBXFileReference; fileEncoding = 4; lastKnownFileType = sourcecode.swift; path = TakeDrugVC.swift; sourceTree = "<group>"; };
		4E8D8FA41CDFE5EE00FF8799 /* FeelingVC.swift */ = {isa = PBXFileReference; fileEncoding = 4; lastKnownFileType = sourcecode.swift; path = FeelingVC.swift; sourceTree = "<group>"; };
		4E8D8FA61CDFEA2200FF8799 /* TodayVC.swift */ = {isa = PBXFileReference; fileEncoding = 4; lastKnownFileType = sourcecode.swift; path = TodayVC.swift; sourceTree = "<group>"; };
		4E8D8FA81CE13CD600FF8799 /* WhatFeelingVC.swift */ = {isa = PBXFileReference; fileEncoding = 4; lastKnownFileType = sourcecode.swift; path = WhatFeelingVC.swift; sourceTree = "<group>"; };
		4EC1E4081CC79681004586B0 /* HistoryVC.h */ = {isa = PBXFileReference; fileEncoding = 4; lastKnownFileType = sourcecode.c.h; path = HistoryVC.h; sourceTree = "<group>"; };
		4EC1E4091CC79681004586B0 /* HistoryVC.m */ = {isa = PBXFileReference; fileEncoding = 4; lastKnownFileType = sourcecode.c.objc; path = HistoryVC.m; sourceTree = "<group>"; };
		4EC1E40D1CC93388004586B0 /* CareModel.swift */ = {isa = PBXFileReference; fileEncoding = 4; lastKnownFileType = sourcecode.swift; path = CareModel.swift; sourceTree = "<group>"; };
		4EC1E4101CC9350C004586B0 /* ModelTests.swift */ = {isa = PBXFileReference; fileEncoding = 4; lastKnownFileType = sourcecode.swift; path = ModelTests.swift; sourceTree = "<group>"; };
		4EC1E4121CC936FD004586B0 /* MyPlayground.playground */ = {isa = PBXFileReference; lastKnownFileType = file.playground; path = MyPlayground.playground; sourceTree = "<group>"; };
		4EC1E4131CCE0548004586B0 /* HistoryVC_Swift.swift */ = {isa = PBXFileReference; fileEncoding = 4; lastKnownFileType = sourcecode.swift; path = HistoryVC_Swift.swift; sourceTree = "<group>"; };
		4EC1E43A1CD01BB7004586B0 /* ProfilVC.swift */ = {isa = PBXFileReference; fileEncoding = 4; lastKnownFileType = sourcecode.swift; path = ProfilVC.swift; sourceTree = "<group>"; };
		4EC1E43C1CD1223B004586B0 /* SplashVC.swift */ = {isa = PBXFileReference; fileEncoding = 4; lastKnownFileType = sourcecode.swift; path = SplashVC.swift; sourceTree = "<group>"; };
		4EC1E43E1CD1F25A004586B0 /* YouAndDoctorVC.swift */ = {isa = PBXFileReference; fileEncoding = 4; lastKnownFileType = sourcecode.swift; path = YouAndDoctorVC.swift; sourceTree = "<group>"; };
		4EC690761CBC35F10031C764 /* Observam.app */ = {isa = PBXFileReference; explicitFileType = wrapper.application; includeInIndex = 0; path = Observam.app; sourceTree = BUILT_PRODUCTS_DIR; };
		4EC6907A1CBC35F20031C764 /* main.m */ = {isa = PBXFileReference; lastKnownFileType = sourcecode.c.objc; path = main.m; sourceTree = "<group>"; };
		4EC6907C1CBC35F20031C764 /* AppDelegate.h */ = {isa = PBXFileReference; lastKnownFileType = sourcecode.c.h; path = AppDelegate.h; sourceTree = "<group>"; };
		4EC6907D1CBC35F20031C764 /* AppDelegate.m */ = {isa = PBXFileReference; lastKnownFileType = sourcecode.c.objc; path = AppDelegate.m; sourceTree = "<group>"; };
		4EC6907F1CBC35F20031C764 /* TodayVC.h */ = {isa = PBXFileReference; lastKnownFileType = sourcecode.c.h; path = TodayVC.h; sourceTree = "<group>"; };
		4EC690801CBC35F20031C764 /* TodayVC.m */ = {isa = PBXFileReference; lastKnownFileType = sourcecode.c.objc; path = TodayVC.m; sourceTree = "<group>"; };
		4EC690821CBC35F20031C764 /* SymptomsVC.h */ = {isa = PBXFileReference; lastKnownFileType = sourcecode.c.h; path = SymptomsVC.h; sourceTree = "<group>"; };
		4EC690831CBC35F20031C764 /* SymptomsVC.m */ = {isa = PBXFileReference; lastKnownFileType = sourcecode.c.objc; path = SymptomsVC.m; sourceTree = "<group>"; };
		4EC690861CBC35F20031C764 /* Base */ = {isa = PBXFileReference; lastKnownFileType = file.storyboard; name = Base; path = Base.lproj/Main.storyboard; sourceTree = "<group>"; };
		4EC690881CBC35F20031C764 /* Assets.xcassets */ = {isa = PBXFileReference; lastKnownFileType = folder.assetcatalog; path = Assets.xcassets; sourceTree = "<group>"; };
		4EC6908B1CBC35F20031C764 /* Base */ = {isa = PBXFileReference; lastKnownFileType = file.storyboard; name = Base; path = Base.lproj/LaunchScreen.storyboard; sourceTree = "<group>"; };
		4EC6908D1CBC35F20031C764 /* Info.plist */ = {isa = PBXFileReference; lastKnownFileType = text.plist.xml; path = Info.plist; sourceTree = "<group>"; };
		4EC690921CBC35F20031C764 /* Observam.xctest */ = {isa = PBXFileReference; explicitFileType = wrapper.cfbundle; includeInIndex = 0; path = Observam.xctest; sourceTree = BUILT_PRODUCTS_DIR; };
		4EC690981CBC35F20031C764 /* Info.plist */ = {isa = PBXFileReference; lastKnownFileType = text.plist.xml; path = Info.plist; sourceTree = "<group>"; };
		4EC6909D1CBC35F20031C764 /* Observam.xctest */ = {isa = PBXFileReference; explicitFileType = wrapper.cfbundle; includeInIndex = 0; path = Observam.xctest; sourceTree = BUILT_PRODUCTS_DIR; };
		4EC690A11CBC35F20031C764 /* ObservamUITests.m */ = {isa = PBXFileReference; lastKnownFileType = sourcecode.c.objc; path = ObservamUITests.m; sourceTree = "<group>"; };
		4EC690A31CBC35F20031C764 /* Info.plist */ = {isa = PBXFileReference; lastKnownFileType = text.plist.xml; path = Info.plist; sourceTree = "<group>"; };
		80E2C0854C9BEE8EFAF8C259 /* Pods-Observam.debug.xcconfig */ = {isa = PBXFileReference; includeInIndex = 1; lastKnownFileType = text.xcconfig; name = "Pods-Observam.debug.xcconfig"; path = "Pods/Target Support Files/Pods-Observam/Pods-Observam.debug.xcconfig"; sourceTree = "<group>"; };
/* End PBXFileReference section */

/* Begin PBXFrameworksBuildPhase section */
		4E403B5C1E2940D70013B2E1 /* Frameworks */ = {
			isa = PBXFrameworksBuildPhase;
			buildActionMask = 2147483647;
			files = (
			);
			runOnlyForDeploymentPostprocessing = 0;
		};
		4EC690731CBC35F10031C764 /* Frameworks */ = {
			isa = PBXFrameworksBuildPhase;
			buildActionMask = 2147483647;
			files = (
				C767867486B4102B1A11A552 /* Pods_Observam.framework in Frameworks */,
			);
			runOnlyForDeploymentPostprocessing = 0;
		};
		4EC6908F1CBC35F20031C764 /* Frameworks */ = {
			isa = PBXFrameworksBuildPhase;
			buildActionMask = 2147483647;
			files = (
			);
			runOnlyForDeploymentPostprocessing = 0;
		};
		4EC6909A1CBC35F20031C764 /* Frameworks */ = {
			isa = PBXFrameworksBuildPhase;
			buildActionMask = 2147483647;
			files = (
			);
			runOnlyForDeploymentPostprocessing = 0;
		};
/* End PBXFrameworksBuildPhase section */

/* Begin PBXGroup section */
		477C9CE0275E7B945C736EBB /* Pods */ = {
			isa = PBXGroup;
			children = (
				4E403B5A1E27DFA40013B2E1 /* Podfile */,
				80E2C0854C9BEE8EFAF8C259 /* Pods-Observam.debug.xcconfig */,
				150AB75FC337C70E4B7BF47A /* Pods-Observam.release.xcconfig */,
			);
			name = Pods;
			sourceTree = "<group>";
		};
		4E403B601E2940D70013B2E1 /* ObservamTests */ = {
			isa = PBXGroup;
			children = (
				4E403B611E2940D70013B2E1 /* ObservamTests.swift */,
				4E403B631E2940D70013B2E1 /* Info.plist */,
			);
			path = ObservamTests;
			sourceTree = "<group>";
		};
		4EC6906D1CBC35F10031C764 = {
			isa = PBXGroup;
			children = (
				4EC690781CBC35F20031C764 /* Observam */,
				4EC690951CBC35F20031C764 /* ObservamTests */,
				4EC690A01CBC35F20031C764 /* ObservamUITests */,
				4E403B601E2940D70013B2E1 /* ObservamTests */,
				4EC690771CBC35F10031C764 /* Products */,
				8DE0AA808D0CF67FE0792805 /* Frameworks */,
				477C9CE0275E7B945C736EBB /* Pods */,
			);
			sourceTree = "<group>";
		};
		4EC690771CBC35F10031C764 /* Products */ = {
			isa = PBXGroup;
			children = (
				4EC690761CBC35F10031C764 /* Observam.app */,
				4EC690921CBC35F20031C764 /* Observam.xctest */,
				4EC6909D1CBC35F20031C764 /* Observam.xctest */,
				4E403B5F1E2940D70013B2E1 /* ObservamTests.xctest */,
			);
			name = Products;
			sourceTree = "<group>";
		};
		4EC690781CBC35F20031C764 /* Observam */ = {
			isa = PBXGroup;
			children = (
				4EC1E4121CC936FD004586B0 /* MyPlayground.playground */,
				4EC6907C1CBC35F20031C764 /* AppDelegate.h */,
				4EC6907D1CBC35F20031C764 /* AppDelegate.m */,
				4EC1E40D1CC93388004586B0 /* CareModel.swift */,
				4EC690851CBC35F20031C764 /* Main.storyboard */,
				4EC690881CBC35F20031C764 /* Assets.xcassets */,
				4E3C40D11CD2C74A00CC54DF /* TabBarVC.swift */,
				4EC1E43C1CD1223B004586B0 /* SplashVC.swift */,
				4EC1E43E1CD1F25A004586B0 /* YouAndDoctorVC.swift */,
				4E3C40CD1CD2C0AD00CC54DF /* DrugScanVC.swift */,
				4E1EE2651CD2A46A00611C5D /* CureVC.swift */,
				4E3C40D31CD3F95C00CC54DF /* OtherCureVC.swift */,
				4E3C40CF1CD2C1C100CC54DF /* OrdoScanVC.swift */,
				4EC6907F1CBC35F20031C764 /* TodayVC.h */,
				4EC690801CBC35F20031C764 /* TodayVC.m */,
				4E8D8FA61CDFEA2200FF8799 /* TodayVC.swift */,
				4E1A4C4C1CC2A7DD00D3E550 /* TakeDrugVC.h */,
				4E1A4C4D1CC2A7DD00D3E550 /* TakeDrugVC.m */,
				4E8D8FA21CD88BD300FF8799 /* TakeDrugVC.swift */,
				4E1A4C4F1CC4C89700D3E550 /* DrugLeftVC.h */,
				4E1A4C501CC4C89700D3E550 /* DrugLeftVC.m */,
				4E1A4C521CC584B300D3E550 /* WhatFeelingVC.h */,
				4E1A4C531CC584B300D3E550 /* WhatFeelingVC.m */,
				4E8D8FA81CE13CD600FF8799 /* WhatFeelingVC.swift */,
				4EC690821CBC35F20031C764 /* SymptomsVC.h */,
				4EC690831CBC35F20031C764 /* SymptomsVC.m */,
				4E8D8FA41CDFE5EE00FF8799 /* FeelingVC.swift */,
				4EC1E4081CC79681004586B0 /* HistoryVC.h */,
				4EC1E4091CC79681004586B0 /* HistoryVC.m */,
				4EC1E4131CCE0548004586B0 /* HistoryVC_Swift.swift */,
				4E3C40D51CD4132A00CC54DF /* TipsVC.swift */,
				4EC1E43A1CD01BB7004586B0 /* ProfilVC.swift */,
				4E1EE2631CD29E8200611C5D /* DetailViewController.swift */,
				4EC690791CBC35F20031C764 /* Supporting Files */,
			);
			path = Observam;
			sourceTree = "<group>";
		};
		4EC690791CBC35F20031C764 /* Supporting Files */ = {
			isa = PBXGroup;
			children = (
				4EC6908D1CBC35F20031C764 /* Info.plist */,
				4EC6908A1CBC35F20031C764 /* LaunchScreen.storyboard */,
				4EC6907A1CBC35F20031C764 /* main.m */,
			);
			name = "Supporting Files";
			sourceTree = "<group>";
		};
		4EC690951CBC35F20031C764 /* ObservamTests */ = {
			isa = PBXGroup;
			children = (
				4EC1E4101CC9350C004586B0 /* ModelTests.swift */,
				4EC690981CBC35F20031C764 /* Info.plist */,
			);
			path = ObservamTests;
			sourceTree = "<group>";
		};
		4EC690A01CBC35F20031C764 /* ObservamUITests */ = {
			isa = PBXGroup;
			children = (
				4EC690A11CBC35F20031C764 /* ObservamUITests.m */,
				4EC690A31CBC35F20031C764 /* Info.plist */,
			);
			path = ObservamUITests;
			sourceTree = "<group>";
		};
		8DE0AA808D0CF67FE0792805 /* Frameworks */ = {
			isa = PBXGroup;
			children = (
				47149F04DA55632651615644 /* Pods_Observam.framework */,
			);
			name = Frameworks;
			sourceTree = "<group>";
		};
/* End PBXGroup section */

/* Begin PBXNativeTarget section */
		4E403B5E1E2940D70013B2E1 /* ObservamTests */ = {
			isa = PBXNativeTarget;
			buildConfigurationList = 4E403B661E2940D70013B2E1 /* Build configuration list for PBXNativeTarget "ObservamTests" */;
			buildPhases = (
				4E403B5B1E2940D70013B2E1 /* Sources */,
				4E403B5C1E2940D70013B2E1 /* Frameworks */,
				4E403B5D1E2940D70013B2E1 /* Resources */,
			);
			buildRules = (
			);
			dependencies = (
				4E403B651E2940D70013B2E1 /* PBXTargetDependency */,
			);
			name = ObservamTests;
			productName = ObservamTests;
			productReference = 4E403B5F1E2940D70013B2E1 /* ObservamTests.xctest */;
			productType = "com.apple.product-type.bundle.unit-test";
		};
		4EC690751CBC35F10031C764 /* Observam */ = {
			isa = PBXNativeTarget;
			buildConfigurationList = 4EC690A61CBC35F20031C764 /* Build configuration list for PBXNativeTarget "Observam" */;
			buildPhases = (
				3B377F8E024906E10660628D /* [CP] Check Pods Manifest.lock */,
				4EC690721CBC35F10031C764 /* Sources */,
				4EC690731CBC35F10031C764 /* Frameworks */,
				4EC690741CBC35F10031C764 /* Resources */,
				4EC1E4351CCEE3A6004586B0 /* Embed Frameworks */,
				71D813AE1CD8109FE7B27E22 /* [CP] Embed Pods Frameworks */,
				16CEA5D6DAA107DA73CEC570 /* [CP] Copy Pods Resources */,
			);
			buildRules = (
			);
			dependencies = (
			);
			name = Observam;
			productName = "Observ'am";
			productReference = 4EC690761CBC35F10031C764 /* Observam.app */;
			productType = "com.apple.product-type.application";
		};
		4EC690911CBC35F20031C764 /* ObservamTests_old */ = {
			isa = PBXNativeTarget;
			buildConfigurationList = 4EC690A91CBC35F20031C764 /* Build configuration list for PBXNativeTarget "ObservamTests_old" */;
			buildPhases = (
				4EC6908E1CBC35F20031C764 /* Sources */,
				4EC6908F1CBC35F20031C764 /* Frameworks */,
				4EC690901CBC35F20031C764 /* Resources */,
			);
			buildRules = (
			);
			dependencies = (
				4EC690941CBC35F20031C764 /* PBXTargetDependency */,
			);
			name = ObservamTests_old;
			productName = "Observ'amTests";
			productReference = 4EC690921CBC35F20031C764 /* Observam.xctest */;
			productType = "com.apple.product-type.bundle.unit-test";
		};
		4EC6909C1CBC35F20031C764 /* ObservamUITests */ = {
			isa = PBXNativeTarget;
			buildConfigurationList = 4EC690AC1CBC35F20031C764 /* Build configuration list for PBXNativeTarget "ObservamUITests" */;
			buildPhases = (
				4EC690991CBC35F20031C764 /* Sources */,
				4EC6909A1CBC35F20031C764 /* Frameworks */,
				4EC6909B1CBC35F20031C764 /* Resources */,
			);
			buildRules = (
			);
			dependencies = (
				4EC6909F1CBC35F20031C764 /* PBXTargetDependency */,
			);
			name = ObservamUITests;
			productName = "Observ'amUITests";
			productReference = 4EC6909D1CBC35F20031C764 /* Observam.xctest */;
			productType = "com.apple.product-type.bundle.ui-testing";
		};
/* End PBXNativeTarget section */

/* Begin PBXProject section */
		4EC6906E1CBC35F10031C764 /* Project object */ = {
			isa = PBXProject;
			attributes = {
				LastSwiftUpdateCheck = 0820;
				LastUpgradeCheck = 0820;
				ORGANIZATIONNAME = Godart;
				TargetAttributes = {
					4E403B5E1E2940D70013B2E1 = {
						CreatedOnToolsVersion = 8.2.1;
						ProvisioningStyle = Automatic;
						TestTargetID = 4EC690751CBC35F10031C764;
					};
					4EC690751CBC35F10031C764 = {
						CreatedOnToolsVersion = 7.3;
						DevelopmentTeam = 6TKSKZ8KG5;
						LastSwiftMigration = 0820;
						SystemCapabilities = {
							com.apple.BackgroundModes = {
								enabled = 0;
							};
						};
					};
					4EC690911CBC35F20031C764 = {
						CreatedOnToolsVersion = 7.3;
						LastSwiftMigration = 0820;
						TestTargetID = 4EC690751CBC35F10031C764;
					};
					4EC6909C1CBC35F20031C764 = {
						CreatedOnToolsVersion = 7.3;
						LastSwiftMigration = 0820;
						TestTargetID = 4EC690751CBC35F10031C764;
					};
				};
			};
			buildConfigurationList = 4EC690711CBC35F10031C764 /* Build configuration list for PBXProject "Observam" */;
			compatibilityVersion = "Xcode 3.2";
			developmentRegion = English;
			hasScannedForEncodings = 0;
			knownRegions = (
				en,
				Base,
			);
			mainGroup = 4EC6906D1CBC35F10031C764;
			productRefGroup = 4EC690771CBC35F10031C764 /* Products */;
			projectDirPath = "";
			projectRoot = "";
			targets = (
				4EC690751CBC35F10031C764 /* Observam */,
				4EC690911CBC35F20031C764 /* ObservamTests_old */,
				4EC6909C1CBC35F20031C764 /* ObservamUITests */,
				4E403B5E1E2940D70013B2E1 /* ObservamTests */,
			);
		};
/* End PBXProject section */

/* Begin PBXResourcesBuildPhase section */
		4E403B5D1E2940D70013B2E1 /* Resources */ = {
			isa = PBXResourcesBuildPhase;
			buildActionMask = 2147483647;
			files = (
			);
			runOnlyForDeploymentPostprocessing = 0;
		};
		4EC690741CBC35F10031C764 /* Resources */ = {
			isa = PBXResourcesBuildPhase;
			buildActionMask = 2147483647;
			files = (
				4EC6908C1CBC35F20031C764 /* LaunchScreen.storyboard in Resources */,
				4EC690891CBC35F20031C764 /* Assets.xcassets in Resources */,
				4EC690871CBC35F20031C764 /* Main.storyboard in Resources */,
			);
			runOnlyForDeploymentPostprocessing = 0;
		};
		4EC690901CBC35F20031C764 /* Resources */ = {
			isa = PBXResourcesBuildPhase;
			buildActionMask = 2147483647;
			files = (
			);
			runOnlyForDeploymentPostprocessing = 0;
		};
		4EC6909B1CBC35F20031C764 /* Resources */ = {
			isa = PBXResourcesBuildPhase;
			buildActionMask = 2147483647;
			files = (
			);
			runOnlyForDeploymentPostprocessing = 0;
		};
/* End PBXResourcesBuildPhase section */

/* Begin PBXShellScriptBuildPhase section */
		16CEA5D6DAA107DA73CEC570 /* [CP] Copy Pods Resources */ = {
			isa = PBXShellScriptBuildPhase;
			buildActionMask = 2147483647;
			files = (
			);
			inputPaths = (
			);
			name = "[CP] Copy Pods Resources";
			outputPaths = (
			);
			runOnlyForDeploymentPostprocessing = 0;
			shellPath = /bin/sh;
			shellScript = "\"${SRCROOT}/Pods/Target Support Files/Pods-Observam/Pods-Observam-resources.sh\"\n";
			showEnvVarsInLog = 0;
		};
		3B377F8E024906E10660628D /* [CP] Check Pods Manifest.lock */ = {
			isa = PBXShellScriptBuildPhase;
			buildActionMask = 2147483647;
			files = (
			);
			inputPaths = (
			);
			name = "[CP] Check Pods Manifest.lock";
			outputPaths = (
			);
			runOnlyForDeploymentPostprocessing = 0;
			shellPath = /bin/sh;
			shellScript = "diff \"${PODS_ROOT}/../Podfile.lock\" \"${PODS_ROOT}/Manifest.lock\" > /dev/null\nif [ $? != 0 ] ; then\n    # print error to STDERR\n    echo \"error: The sandbox is not in sync with the Podfile.lock. Run 'pod install' or update your CocoaPods installation.\" >&2\n    exit 1\nfi\n";
			showEnvVarsInLog = 0;
		};
		71D813AE1CD8109FE7B27E22 /* [CP] Embed Pods Frameworks */ = {
			isa = PBXShellScriptBuildPhase;
			buildActionMask = 2147483647;
			files = (
			);
			inputPaths = (
			);
			name = "[CP] Embed Pods Frameworks";
			outputPaths = (
			);
			runOnlyForDeploymentPostprocessing = 0;
			shellPath = /bin/sh;
			shellScript = "\"${SRCROOT}/Pods/Target Support Files/Pods-Observam/Pods-Observam-frameworks.sh\"\n";
			showEnvVarsInLog = 0;
		};
/* End PBXShellScriptBuildPhase section */

/* Begin PBXSourcesBuildPhase section */
		4E403B5B1E2940D70013B2E1 /* Sources */ = {
			isa = PBXSourcesBuildPhase;
			buildActionMask = 2147483647;
			files = (
				4E403B621E2940D70013B2E1 /* ObservamTests.swift in Sources */,
			);
			runOnlyForDeploymentPostprocessing = 0;
		};
		4EC690721CBC35F10031C764 /* Sources */ = {
			isa = PBXSourcesBuildPhase;
			buildActionMask = 2147483647;
			files = (
				4E1A4C4E1CC2A7DD00D3E550 /* TakeDrugVC.m in Sources */,
				4EC1E40A1CC79681004586B0 /* HistoryVC.m in Sources */,
				4EC1E43F1CD1F25A004586B0 /* YouAndDoctorVC.swift in Sources */,
				4E8D8FA71CDFEA2200FF8799 /* TodayVC.swift in Sources */,
				4EC1E40E1CC93388004586B0 /* CareModel.swift in Sources */,
				4E3C40D21CD2C74A00CC54DF /* TabBarVC.swift in Sources */,
				4E3C40D41CD3F95C00CC54DF /* OtherCureVC.swift in Sources */,
				4E1A4C541CC584B300D3E550 /* WhatFeelingVC.m in Sources */,
				4EC690841CBC35F20031C764 /* SymptomsVC.m in Sources */,
				4EC1E43D1CD1223B004586B0 /* SplashVC.swift in Sources */,
				4EC1E4141CCE0548004586B0 /* HistoryVC_Swift.swift in Sources */,
				4EC1E43B1CD01BB7004586B0 /* ProfilVC.swift in Sources */,
				4EC6907E1CBC35F20031C764 /* AppDelegate.m in Sources */,
				4E3C40D61CD4132A00CC54DF /* TipsVC.swift in Sources */,
				4E3C40D01CD2C1C100CC54DF /* OrdoScanVC.swift in Sources */,
				4E1A4C511CC4C89700D3E550 /* DrugLeftVC.m in Sources */,
				4E3C40CE1CD2C0AD00CC54DF /* DrugScanVC.swift in Sources */,
				4E1EE2661CD2A46A00611C5D /* CureVC.swift in Sources */,
				4EC690811CBC35F20031C764 /* TodayVC.m in Sources */,
				4EC6907B1CBC35F20031C764 /* main.m in Sources */,
				4E8D8FA31CD88BD300FF8799 /* TakeDrugVC.swift in Sources */,
				4E8D8FA91CE13CD600FF8799 /* WhatFeelingVC.swift in Sources */,
				4E1EE2641CD29E8200611C5D /* DetailViewController.swift in Sources */,
				4E8D8FA51CDFE5EE00FF8799 /* FeelingVC.swift in Sources */,
			);
			runOnlyForDeploymentPostprocessing = 0;
		};
		4EC6908E1CBC35F20031C764 /* Sources */ = {
			isa = PBXSourcesBuildPhase;
			buildActionMask = 2147483647;
			files = (
			);
			runOnlyForDeploymentPostprocessing = 0;
		};
		4EC690991CBC35F20031C764 /* Sources */ = {
			isa = PBXSourcesBuildPhase;
			buildActionMask = 2147483647;
			files = (
				4EC690A21CBC35F20031C764 /* ObservamUITests.m in Sources */,
			);
			runOnlyForDeploymentPostprocessing = 0;
		};
/* End PBXSourcesBuildPhase section */

/* Begin PBXTargetDependency section */
		4E403B651E2940D70013B2E1 /* PBXTargetDependency */ = {
			isa = PBXTargetDependency;
			target = 4EC690751CBC35F10031C764 /* Observam */;
			targetProxy = 4E403B641E2940D70013B2E1 /* PBXContainerItemProxy */;
		};
		4EC690941CBC35F20031C764 /* PBXTargetDependency */ = {
			isa = PBXTargetDependency;
			target = 4EC690751CBC35F10031C764 /* Observam */;
			targetProxy = 4EC690931CBC35F20031C764 /* PBXContainerItemProxy */;
		};
		4EC6909F1CBC35F20031C764 /* PBXTargetDependency */ = {
			isa = PBXTargetDependency;
			target = 4EC690751CBC35F10031C764 /* Observam */;
			targetProxy = 4EC6909E1CBC35F20031C764 /* PBXContainerItemProxy */;
		};
/* End PBXTargetDependency section */

/* Begin PBXVariantGroup section */
		4EC690851CBC35F20031C764 /* Main.storyboard */ = {
			isa = PBXVariantGroup;
			children = (
				4EC690861CBC35F20031C764 /* Base */,
			);
			name = Main.storyboard;
			sourceTree = "<group>";
		};
		4EC6908A1CBC35F20031C764 /* LaunchScreen.storyboard */ = {
			isa = PBXVariantGroup;
			children = (
				4EC6908B1CBC35F20031C764 /* Base */,
			);
			name = LaunchScreen.storyboard;
			sourceTree = "<group>";
		};
/* End PBXVariantGroup section */

/* Begin XCBuildConfiguration section */
		4E403B671E2940D70013B2E1 /* Debug */ = {
			isa = XCBuildConfiguration;
			buildSettings = {
				BUNDLE_LOADER = "$(TEST_HOST)";
				CLANG_WARN_DOCUMENTATION_COMMENTS = YES;
				INFOPLIST_FILE = ObservamTests/Info.plist;
				IPHONEOS_DEPLOYMENT_TARGET = 10.2;
				LD_RUNPATH_SEARCH_PATHS = "$(inherited) @executable_path/Frameworks @loader_path/Frameworks";
				PRODUCT_BUNDLE_IDENTIFIER = co.godart.ObservamTests;
				PRODUCT_NAME = "$(TARGET_NAME)";
				SWIFT_ACTIVE_COMPILATION_CONDITIONS = DEBUG;
				SWIFT_OPTIMIZATION_LEVEL = "-Onone";
				SWIFT_VERSION = 3.0;
				TEST_HOST = "$(BUILT_PRODUCTS_DIR)/Observam.app/Observam";
			};
			name = Debug;
		};
		4E403B681E2940D70013B2E1 /* Release */ = {
			isa = XCBuildConfiguration;
			buildSettings = {
				BUNDLE_LOADER = "$(TEST_HOST)";
				CLANG_WARN_DOCUMENTATION_COMMENTS = YES;
				INFOPLIST_FILE = ObservamTests/Info.plist;
				IPHONEOS_DEPLOYMENT_TARGET = 10.2;
				LD_RUNPATH_SEARCH_PATHS = "$(inherited) @executable_path/Frameworks @loader_path/Frameworks";
				PRODUCT_BUNDLE_IDENTIFIER = co.godart.ObservamTests;
				PRODUCT_NAME = "$(TARGET_NAME)";
				SWIFT_VERSION = 3.0;
				TEST_HOST = "$(BUILT_PRODUCTS_DIR)/Observam.app/Observam";
			};
			name = Release;
		};
		4EC690A41CBC35F20031C764 /* Debug */ = {
			isa = XCBuildConfiguration;
			buildSettings = {
				ALWAYS_SEARCH_USER_PATHS = NO;
				CLANG_ANALYZER_NONNULL = YES;
				CLANG_CXX_LANGUAGE_STANDARD = "gnu++0x";
				CLANG_CXX_LIBRARY = "libc++";
				CLANG_ENABLE_MODULES = YES;
				CLANG_ENABLE_OBJC_ARC = YES;
				CLANG_WARN_BOOL_CONVERSION = YES;
				CLANG_WARN_CONSTANT_CONVERSION = YES;
				CLANG_WARN_DIRECT_OBJC_ISA_USAGE = YES_ERROR;
				CLANG_WARN_EMPTY_BODY = YES;
				CLANG_WARN_ENUM_CONVERSION = YES;
				CLANG_WARN_INFINITE_RECURSION = YES;
				CLANG_WARN_INT_CONVERSION = YES;
				CLANG_WARN_OBJC_ROOT_CLASS = YES_ERROR;
				CLANG_WARN_SUSPICIOUS_MOVE = YES;
				CLANG_WARN_UNREACHABLE_CODE = YES;
				CLANG_WARN__DUPLICATE_METHOD_MATCH = YES;
				"CODE_SIGN_IDENTITY[sdk=iphoneos*]" = "iPhone Developer";
				COPY_PHASE_STRIP = NO;
				DEBUG_INFORMATION_FORMAT = dwarf;
				ENABLE_STRICT_OBJC_MSGSEND = YES;
				ENABLE_TESTABILITY = YES;
				GCC_C_LANGUAGE_STANDARD = gnu99;
				GCC_DYNAMIC_NO_PIC = NO;
				GCC_NO_COMMON_BLOCKS = YES;
				GCC_OPTIMIZATION_LEVEL = 0;
				GCC_PREPROCESSOR_DEFINITIONS = (
					"DEBUG=1",
					"$(inherited)",
				);
				GCC_WARN_64_TO_32_BIT_CONVERSION = YES;
				GCC_WARN_ABOUT_RETURN_TYPE = YES_ERROR;
				GCC_WARN_UNDECLARED_SELECTOR = YES;
				GCC_WARN_UNINITIALIZED_AUTOS = YES_AGGRESSIVE;
				GCC_WARN_UNUSED_FUNCTION = YES;
				GCC_WARN_UNUSED_VARIABLE = YES;
				IPHONEOS_DEPLOYMENT_TARGET = 9.0;
				MTL_ENABLE_DEBUG_INFO = YES;
				ONLY_ACTIVE_ARCH = YES;
				SDKROOT = iphoneos;
			};
			name = Debug;
		};
		4EC690A51CBC35F20031C764 /* Release */ = {
			isa = XCBuildConfiguration;
			buildSettings = {
				ALWAYS_SEARCH_USER_PATHS = NO;
				CLANG_ANALYZER_NONNULL = YES;
				CLANG_CXX_LANGUAGE_STANDARD = "gnu++0x";
				CLANG_CXX_LIBRARY = "libc++";
				CLANG_ENABLE_MODULES = YES;
				CLANG_ENABLE_OBJC_ARC = YES;
				CLANG_WARN_BOOL_CONVERSION = YES;
				CLANG_WARN_CONSTANT_CONVERSION = YES;
				CLANG_WARN_DIRECT_OBJC_ISA_USAGE = YES_ERROR;
				CLANG_WARN_EMPTY_BODY = YES;
				CLANG_WARN_ENUM_CONVERSION = YES;
				CLANG_WARN_INFINITE_RECURSION = YES;
				CLANG_WARN_INT_CONVERSION = YES;
				CLANG_WARN_OBJC_ROOT_CLASS = YES_ERROR;
				CLANG_WARN_SUSPICIOUS_MOVE = YES;
				CLANG_WARN_UNREACHABLE_CODE = YES;
				CLANG_WARN__DUPLICATE_METHOD_MATCH = YES;
				"CODE_SIGN_IDENTITY[sdk=iphoneos*]" = "iPhone Developer";
				COPY_PHASE_STRIP = NO;
				DEBUG_INFORMATION_FORMAT = "dwarf-with-dsym";
				ENABLE_NS_ASSERTIONS = NO;
				ENABLE_STRICT_OBJC_MSGSEND = YES;
				GCC_C_LANGUAGE_STANDARD = gnu99;
				GCC_NO_COMMON_BLOCKS = YES;
				GCC_WARN_64_TO_32_BIT_CONVERSION = YES;
				GCC_WARN_ABOUT_RETURN_TYPE = YES_ERROR;
				GCC_WARN_UNDECLARED_SELECTOR = YES;
				GCC_WARN_UNINITIALIZED_AUTOS = YES_AGGRESSIVE;
				GCC_WARN_UNUSED_FUNCTION = YES;
				GCC_WARN_UNUSED_VARIABLE = YES;
				IPHONEOS_DEPLOYMENT_TARGET = 9.0;
				MTL_ENABLE_DEBUG_INFO = NO;
				SDKROOT = iphoneos;
				SWIFT_OPTIMIZATION_LEVEL = "-Owholemodule";
				VALIDATE_PRODUCT = YES;
			};
			name = Release;
		};
		4EC690A71CBC35F20031C764 /* Debug */ = {
			isa = XCBuildConfiguration;
			baseConfigurationReference = 80E2C0854C9BEE8EFAF8C259 /* Pods-Observam.debug.xcconfig */;
			buildSettings = {
				ASSETCATALOG_COMPILER_APPICON_NAME = AppIcon;
				CLANG_ENABLE_MODULES = YES;
				CODE_SIGN_IDENTITY = "iPhone Developer";
				"CODE_SIGN_IDENTITY[sdk=iphoneos*]" = "iPhone Developer";
				INFOPLIST_FILE = Observam/Info.plist;
				IPHONEOS_DEPLOYMENT_TARGET = 9.0;
				LD_RUNPATH_SEARCH_PATHS = "$(inherited) @executable_path/Frameworks";
				PRODUCT_BUNDLE_IDENTIFIER = co.godart.Observam;
				PRODUCT_NAME = Observam;
				PROVISIONING_PROFILE = "";
				SWIFT_OPTIMIZATION_LEVEL = "-Onone";
			};
			name = Debug;
		};
		4EC690A81CBC35F20031C764 /* Release */ = {
			isa = XCBuildConfiguration;
			baseConfigurationReference = 150AB75FC337C70E4B7BF47A /* Pods-Observam.release.xcconfig */;
			buildSettings = {
				ASSETCATALOG_COMPILER_APPICON_NAME = AppIcon;
				CLANG_ENABLE_MODULES = YES;
				CODE_SIGN_IDENTITY = "iPhone Developer";
				"CODE_SIGN_IDENTITY[sdk=iphoneos*]" = "iPhone Developer";
				INFOPLIST_FILE = Observam/Info.plist;
				IPHONEOS_DEPLOYMENT_TARGET = 9.0;
				LD_RUNPATH_SEARCH_PATHS = "$(inherited) @executable_path/Frameworks";
				PRODUCT_BUNDLE_IDENTIFIER = co.godart.Observam;
				PRODUCT_NAME = Observam;
				PROVISIONING_PROFILE = "";
			};
			name = Release;
		};
		4EC690AA1CBC35F20031C764 /* Debug */ = {
			isa = XCBuildConfiguration;
			buildSettings = {
				BUNDLE_LOADER = "$(TEST_HOST)";
				CLANG_ENABLE_MODULES = YES;
				DEVELOPMENT_TEAM = "";
				INFOPLIST_FILE = ObservamTests/Info.plist;
				LD_RUNPATH_SEARCH_PATHS = "$(inherited) @executable_path/Frameworks @loader_path/Frameworks";
				PRODUCT_BUNDLE_IDENTIFIER = "co.godart.Observ-amTests";
				PRODUCT_NAME = Observam;
				SWIFT_OPTIMIZATION_LEVEL = "-Onone";
				SWIFT_VERSION = 3.0;
				TEST_HOST = "$(BUILT_PRODUCTS_DIR)/Observam.app/Observam";
			};
			name = Debug;
		};
		4EC690AB1CBC35F20031C764 /* Release */ = {
			isa = XCBuildConfiguration;
			buildSettings = {
				BUNDLE_LOADER = "$(TEST_HOST)";
				CLANG_ENABLE_MODULES = YES;
				DEVELOPMENT_TEAM = "";
				INFOPLIST_FILE = ObservamTests/Info.plist;
				LD_RUNPATH_SEARCH_PATHS = "$(inherited) @executable_path/Frameworks @loader_path/Frameworks";
				PRODUCT_BUNDLE_IDENTIFIER = "co.godart.Observ-amTests";
				PRODUCT_NAME = Observam;
				SWIFT_VERSION = 3.0;
				TEST_HOST = "$(BUILT_PRODUCTS_DIR)/Observam.app/Observam";
			};
			name = Release;
		};
		4EC690AD1CBC35F20031C764 /* Debug */ = {
			isa = XCBuildConfiguration;
			buildSettings = {
				INFOPLIST_FILE = ObservamUITests/Info.plist;
				LD_RUNPATH_SEARCH_PATHS = "$(inherited) @executable_path/Frameworks @loader_path/Frameworks";
				PRODUCT_BUNDLE_IDENTIFIER = "co.godart.Observ-amUITests";
				PRODUCT_NAME = Observam;
				SWIFT_VERSION = 3.0;
				TEST_TARGET_NAME = Observam;
			};
			name = Debug;
		};
		4EC690AE1CBC35F20031C764 /* Release */ = {
			isa = XCBuildConfiguration;
			buildSettings = {
				INFOPLIST_FILE = ObservamUITests/Info.plist;
				LD_RUNPATH_SEARCH_PATHS = "$(inherited) @executable_path/Frameworks @loader_path/Frameworks";
				PRODUCT_BUNDLE_IDENTIFIER = "co.godart.Observ-amUITests";
				PRODUCT_NAME = Observam;
				SWIFT_VERSION = 3.0;
				TEST_TARGET_NAME = Observam;
			};
			name = Release;
		};
/* End XCBuildConfiguration section */

/* Begin XCConfigurationList section */
		4E403B661E2940D70013B2E1 /* Build configuration list for PBXNativeTarget "ObservamTests" */ = {
			isa = XCConfigurationList;
			buildConfigurations = (
				4E403B671E2940D70013B2E1 /* Debug */,
				4E403B681E2940D70013B2E1 /* Release */,
			);
			defaultConfigurationIsVisible = 0;
		};
		4EC690711CBC35F10031C764 /* Build configuration list for PBXProject "Observam" */ = {
			isa = XCConfigurationList;
			buildConfigurations = (
				4EC690A41CBC35F20031C764 /* Debug */,
				4EC690A51CBC35F20031C764 /* Release */,
			);
			defaultConfigurationIsVisible = 0;
			defaultConfigurationName = Release;
		};
		4EC690A61CBC35F20031C764 /* Build configuration list for PBXNativeTarget "Observam" */ = {
			isa = XCConfigurationList;
			buildConfigurations = (
				4EC690A71CBC35F20031C764 /* Debug */,
				4EC690A81CBC35F20031C764 /* Release */,
			);
			defaultConfigurationIsVisible = 0;
			defaultConfigurationName = Release;
		};
		4EC690A91CBC35F20031C764 /* Build configuration list for PBXNativeTarget "ObservamTests_old" */ = {
			isa = XCConfigurationList;
			buildConfigurations = (
				4EC690AA1CBC35F20031C764 /* Debug */,
				4EC690AB1CBC35F20031C764 /* Release */,
			);
			defaultConfigurationIsVisible = 0;
			defaultConfigurationName = Release;
		};
		4EC690AC1CBC35F20031C764 /* Build configuration list for PBXNativeTarget "ObservamUITests" */ = {
			isa = XCConfigurationList;
			buildConfigurations = (
				4EC690AD1CBC35F20031C764 /* Debug */,
				4EC690AE1CBC35F20031C764 /* Release */,
			);
			defaultConfigurationIsVisible = 0;
			defaultConfigurationName = Release;
		};
/* End XCConfigurationList section */
	};
	rootObject = 4EC6906E1CBC35F10031C764 /* Project object */;
}
