// !$*UTF8*$!
{
	archiveVersion = 1;
	classes = {
	};
	objectVersion = 46;
	objects = {

/* Begin PBXBuildFile section */
		4EC6907B1CBC35F20031C764 /* main.m in Sources */ = {isa = PBXBuildFile; fileRef = 4EC6907A1CBC35F20031C764 /* main.m */; };
		4EC6907E1CBC35F20031C764 /* AppDelegate.m in Sources */ = {isa = PBXBuildFile; fileRef = 4EC6907D1CBC35F20031C764 /* AppDelegate.m */; };
		4EC690811CBC35F20031C764 /* FirstViewController.m in Sources */ = {isa = PBXBuildFile; fileRef = 4EC690801CBC35F20031C764 /* FirstViewController.m */; };
		4EC690841CBC35F20031C764 /* SecondViewController.m in Sources */ = {isa = PBXBuildFile; fileRef = 4EC690831CBC35F20031C764 /* SecondViewController.m */; };
		4EC690871CBC35F20031C764 /* Main.storyboard in Resources */ = {isa = PBXBuildFile; fileRef = 4EC690851CBC35F20031C764 /* Main.storyboard */; };
		4EC690891CBC35F20031C764 /* Assets.xcassets in Resources */ = {isa = PBXBuildFile; fileRef = 4EC690881CBC35F20031C764 /* Assets.xcassets */; };
		4EC6908C1CBC35F20031C764 /* LaunchScreen.storyboard in Resources */ = {isa = PBXBuildFile; fileRef = 4EC6908A1CBC35F20031C764 /* LaunchScreen.storyboard */; };
		4EC690971CBC35F20031C764 /* Observ_amTests.m in Sources */ = {isa = PBXBuildFile; fileRef = 4EC690961CBC35F20031C764 /* Observ_amTests.m */; };
		4EC690A21CBC35F20031C764 /* Observ_amUITests.m in Sources */ = {isa = PBXBuildFile; fileRef = 4EC690A11CBC35F20031C764 /* Observ_amUITests.m */; };
/* End PBXBuildFile section */

/* Begin PBXContainerItemProxy section */
		4EC690931CBC35F20031C764 /* PBXContainerItemProxy */ = {
			isa = PBXContainerItemProxy;
			containerPortal = 4EC6906E1CBC35F10031C764 /* Project object */;
			proxyType = 1;
			remoteGlobalIDString = 4EC690751CBC35F10031C764;
			remoteInfo = "Observ'am";
		};
		4EC6909E1CBC35F20031C764 /* PBXContainerItemProxy */ = {
			isa = PBXContainerItemProxy;
			containerPortal = 4EC6906E1CBC35F10031C764 /* Project object */;
			proxyType = 1;
			remoteGlobalIDString = 4EC690751CBC35F10031C764;
			remoteInfo = "Observ'am";
		};
/* End PBXContainerItemProxy section */

/* Begin PBXFileReference section */
		4EC690761CBC35F10031C764 /* Observ'am.app */ = {isa = PBXFileReference; explicitFileType = wrapper.application; includeInIndex = 0; path = "Observ'am.app"; sourceTree = BUILT_PRODUCTS_DIR; };
		4EC6907A1CBC35F20031C764 /* main.m */ = {isa = PBXFileReference; lastKnownFileType = sourcecode.c.objc; path = main.m; sourceTree = "<group>"; };
		4EC6907C1CBC35F20031C764 /* AppDelegate.h */ = {isa = PBXFileReference; lastKnownFileType = sourcecode.c.h; path = AppDelegate.h; sourceTree = "<group>"; };
		4EC6907D1CBC35F20031C764 /* AppDelegate.m */ = {isa = PBXFileReference; lastKnownFileType = sourcecode.c.objc; path = AppDelegate.m; sourceTree = "<group>"; };
		4EC6907F1CBC35F20031C764 /* FirstViewController.h */ = {isa = PBXFileReference; lastKnownFileType = sourcecode.c.h; path = FirstViewController.h; sourceTree = "<group>"; };
		4EC690801CBC35F20031C764 /* FirstViewController.m */ = {isa = PBXFileReference; lastKnownFileType = sourcecode.c.objc; path = FirstViewController.m; sourceTree = "<group>"; };
		4EC690821CBC35F20031C764 /* SecondViewController.h */ = {isa = PBXFileReference; lastKnownFileType = sourcecode.c.h; path = SecondViewController.h; sourceTree = "<group>"; };
		4EC690831CBC35F20031C764 /* SecondViewController.m */ = {isa = PBXFileReference; lastKnownFileType = sourcecode.c.objc; path = SecondViewController.m; sourceTree = "<group>"; };
		4EC690861CBC35F20031C764 /* Base */ = {isa = PBXFileReference; lastKnownFileType = file.storyboard; name = Base; path = Base.lproj/Main.storyboard; sourceTree = "<group>"; };
		4EC690881CBC35F20031C764 /* Assets.xcassets */ = {isa = PBXFileReference; lastKnownFileType = folder.assetcatalog; path = Assets.xcassets; sourceTree = "<group>"; };
		4EC6908B1CBC35F20031C764 /* Base */ = {isa = PBXFileReference; lastKnownFileType = file.storyboard; name = Base; path = Base.lproj/LaunchScreen.storyboard; sourceTree = "<group>"; };
		4EC6908D1CBC35F20031C764 /* Info.plist */ = {isa = PBXFileReference; lastKnownFileType = text.plist.xml; path = Info.plist; sourceTree = "<group>"; };
		4EC690921CBC35F20031C764 /* Observ'amTests.xctest */ = {isa = PBXFileReference; explicitFileType = wrapper.cfbundle; includeInIndex = 0; path = "Observ'amTests.xctest"; sourceTree = BUILT_PRODUCTS_DIR; };
		4EC690961CBC35F20031C764 /* Observ_amTests.m */ = {isa = PBXFileReference; lastKnownFileType = sourcecode.c.objc; path = Observ_amTests.m; sourceTree = "<group>"; };
		4EC690981CBC35F20031C764 /* Info.plist */ = {isa = PBXFileReference; lastKnownFileType = text.plist.xml; path = Info.plist; sourceTree = "<group>"; };
		4EC6909D1CBC35F20031C764 /* Observ'amUITests.xctest */ = {isa = PBXFileReference; explicitFileType = wrapper.cfbundle; includeInIndex = 0; path = "Observ'amUITests.xctest"; sourceTree = BUILT_PRODUCTS_DIR; };
		4EC690A11CBC35F20031C764 /* Observ_amUITests.m */ = {isa = PBXFileReference; lastKnownFileType = sourcecode.c.objc; path = Observ_amUITests.m; sourceTree = "<group>"; };
		4EC690A31CBC35F20031C764 /* Info.plist */ = {isa = PBXFileReference; lastKnownFileType = text.plist.xml; path = Info.plist; sourceTree = "<group>"; };
/* End PBXFileReference section */

/* Begin PBXFrameworksBuildPhase section */
		4EC690731CBC35F10031C764 /* Frameworks */ = {
			isa = PBXFrameworksBuildPhase;
			buildActionMask = 2147483647;
			files = (
			);
			runOnlyForDeploymentPostprocessing = 0;
		};
		4EC6908F1CBC35F20031C764 /* Frameworks */ = {
			isa = PBXFrameworksBuildPhase;
			buildActionMask = 2147483647;
			files = (
			);
			runOnlyForDeploymentPostprocessing = 0;
		};
		4EC6909A1CBC35F20031C764 /* Frameworks */ = {
			isa = PBXFrameworksBuildPhase;
			buildActionMask = 2147483647;
			files = (
			);
			runOnlyForDeploymentPostprocessing = 0;
		};
/* End PBXFrameworksBuildPhase section */

/* Begin PBXGroup section */
		4EC6906D1CBC35F10031C764 = {
			isa = PBXGroup;
			children = (
				4EC690781CBC35F20031C764 /* Observ'am */,
				4EC690951CBC35F20031C764 /* Observ'amTests */,
				4EC690A01CBC35F20031C764 /* Observ'amUITests */,
				4EC690771CBC35F10031C764 /* Products */,
			);
			sourceTree = "<group>";
		};
		4EC690771CBC35F10031C764 /* Products */ = {
			isa = PBXGroup;
			children = (
				4EC690761CBC35F10031C764 /* Observ'am.app */,
				4EC690921CBC35F20031C764 /* Observ'amTests.xctest */,
				4EC6909D1CBC35F20031C764 /* Observ'amUITests.xctest */,
			);
			name = Products;
			sourceTree = "<group>";
		};
		4EC690781CBC35F20031C764 /* Observ'am */ = {
			isa = PBXGroup;
			children = (
				4EC6907C1CBC35F20031C764 /* AppDelegate.h */,
				4EC6907D1CBC35F20031C764 /* AppDelegate.m */,
				4EC6907F1CBC35F20031C764 /* FirstViewController.h */,
				4EC690801CBC35F20031C764 /* FirstViewController.m */,
				4EC690821CBC35F20031C764 /* SecondViewController.h */,
				4EC690831CBC35F20031C764 /* SecondViewController.m */,
				4EC690851CBC35F20031C764 /* Main.storyboard */,
				4EC690881CBC35F20031C764 /* Assets.xcassets */,
				4EC6908A1CBC35F20031C764 /* LaunchScreen.storyboard */,
				4EC6908D1CBC35F20031C764 /* Info.plist */,
				4EC690791CBC35F20031C764 /* Supporting Files */,
			);
			path = "Observ'am";
			sourceTree = "<group>";
		};
		4EC690791CBC35F20031C764 /* Supporting Files */ = {
			isa = PBXGroup;
			children = (
				4EC6907A1CBC35F20031C764 /* main.m */,
			);
			name = "Supporting Files";
			sourceTree = "<group>";
		};
		4EC690951CBC35F20031C764 /* Observ'amTests */ = {
			isa = PBXGroup;
			children = (
				4EC690961CBC35F20031C764 /* Observ_amTests.m */,
				4EC690981CBC35F20031C764 /* Info.plist */,
			);
			path = "Observ'amTests";
			sourceTree = "<group>";
		};
		4EC690A01CBC35F20031C764 /* Observ'amUITests */ = {
			isa = PBXGroup;
			children = (
				4EC690A11CBC35F20031C764 /* Observ_amUITests.m */,
				4EC690A31CBC35F20031C764 /* Info.plist */,
			);
			path = "Observ'amUITests";
			sourceTree = "<group>";
		};
/* End PBXGroup section */

/* Begin PBXNativeTarget section */
		4EC690751CBC35F10031C764 /* Observ'am */ = {
			isa = PBXNativeTarget;
			buildConfigurationList = 4EC690A61CBC35F20031C764 /* Build configuration list for PBXNativeTarget "Observ'am" */;
			buildPhases = (
				4EC690721CBC35F10031C764 /* Sources */,
				4EC690731CBC35F10031C764 /* Frameworks */,
				4EC690741CBC35F10031C764 /* Resources */,
			);
			buildRules = (
			);
			dependencies = (
			);
			name = "Observ'am";
			productName = "Observ'am";
			productReference = 4EC690761CBC35F10031C764 /* Observ'am.app */;
			productType = "com.apple.product-type.application";
		};
		4EC690911CBC35F20031C764 /* Observ'amTests */ = {
			isa = PBXNativeTarget;
			buildConfigurationList = 4EC690A91CBC35F20031C764 /* Build configuration list for PBXNativeTarget "Observ'amTests" */;
			buildPhases = (
				4EC6908E1CBC35F20031C764 /* Sources */,
				4EC6908F1CBC35F20031C764 /* Frameworks */,
				4EC690901CBC35F20031C764 /* Resources */,
			);
			buildRules = (
			);
			dependencies = (
				4EC690941CBC35F20031C764 /* PBXTargetDependency */,
			);
			name = "Observ'amTests";
			productName = "Observ'amTests";
			productReference = 4EC690921CBC35F20031C764 /* Observ'amTests.xctest */;
			productType = "com.apple.product-type.bundle.unit-test";
		};
		4EC6909C1CBC35F20031C764 /* Observ'amUITests */ = {
			isa = PBXNativeTarget;
			buildConfigurationList = 4EC690AC1CBC35F20031C764 /* Build configuration list for PBXNativeTarget "Observ'amUITests" */;
			buildPhases = (
				4EC690991CBC35F20031C764 /* Sources */,
				4EC6909A1CBC35F20031C764 /* Frameworks */,
				4EC6909B1CBC35F20031C764 /* Resources */,
			);
			buildRules = (
			);
			dependencies = (
				4EC6909F1CBC35F20031C764 /* PBXTargetDependency */,
			);
			name = "Observ'amUITests";
			productName = "Observ'amUITests";
			productReference = 4EC6909D1CBC35F20031C764 /* Observ'amUITests.xctest */;
			productType = "com.apple.product-type.bundle.ui-testing";
		};
/* End PBXNativeTarget section */

/* Begin PBXProject section */
		4EC6906E1CBC35F10031C764 /* Project object */ = {
			isa = PBXProject;
			attributes = {
				LastUpgradeCheck = 0730;
				ORGANIZATIONNAME = Godart;
				TargetAttributes = {
					4EC690751CBC35F10031C764 = {
						CreatedOnToolsVersion = 7.3;
					};
					4EC690911CBC35F20031C764 = {
						CreatedOnToolsVersion = 7.3;
						TestTargetID = 4EC690751CBC35F10031C764;
					};
					4EC6909C1CBC35F20031C764 = {
						CreatedOnToolsVersion = 7.3;
						TestTargetID = 4EC690751CBC35F10031C764;
					};
				};
			};
			buildConfigurationList = 4EC690711CBC35F10031C764 /* Build configuration list for PBXProject "Observ'am" */;
			compatibilityVersion = "Xcode 3.2";
			developmentRegion = English;
			hasScannedForEncodings = 0;
			knownRegions = (
				en,
				Base,
			);
			mainGroup = 4EC6906D1CBC35F10031C764;
			productRefGroup = 4EC690771CBC35F10031C764 /* Products */;
			projectDirPath = "";
			projectRoot = "";
			targets = (
				4EC690751CBC35F10031C764 /* Observ'am */,
				4EC690911CBC35F20031C764 /* Observ'amTests */,
				4EC6909C1CBC35F20031C764 /* Observ'amUITests */,
			);
		};
/* End PBXProject section */

/* Begin PBXResourcesBuildPhase section */
		4EC690741CBC35F10031C764 /* Resources */ = {
			isa = PBXResourcesBuildPhase;
			buildActionMask = 2147483647;
			files = (
				4EC6908C1CBC35F20031C764 /* LaunchScreen.storyboard in Resources */,
				4EC690891CBC35F20031C764 /* Assets.xcassets in Resources */,
				4EC690871CBC35F20031C764 /* Main.storyboard in Resources */,
			);
			runOnlyForDeploymentPostprocessing = 0;
		};
		4EC690901CBC35F20031C764 /* Resources */ = {
			isa = PBXResourcesBuildPhase;
			buildActionMask = 2147483647;
			files = (
			);
			runOnlyForDeploymentPostprocessing = 0;
		};
		4EC6909B1CBC35F20031C764 /* Resources */ = {
			isa = PBXResourcesBuildPhase;
			buildActionMask = 2147483647;
			files = (
			);
			runOnlyForDeploymentPostprocessing = 0;
		};
/* End PBXResourcesBuildPhase section */

/* Begin PBXSourcesBuildPhase section */
		4EC690721CBC35F10031C764 /* Sources */ = {
			isa = PBXSourcesBuildPhase;
			buildActionMask = 2147483647;
			files = (
				4EC690841CBC35F20031C764 /* SecondViewController.m in Sources */,
				4EC6907E1CBC35F20031C764 /* AppDelegate.m in Sources */,
				4EC690811CBC35F20031C764 /* FirstViewController.m in Sources */,
				4EC6907B1CBC35F20031C764 /* main.m in Sources */,
			);
			runOnlyForDeploymentPostprocessing = 0;
		};
		4EC6908E1CBC35F20031C764 /* Sources */ = {
			isa = PBXSourcesBuildPhase;
			buildActionMask = 2147483647;
			files = (
				4EC690971CBC35F20031C764 /* Observ_amTests.m in Sources */,
			);
			runOnlyForDeploymentPostprocessing = 0;
		};
		4EC690991CBC35F20031C764 /* Sources */ = {
			isa = PBXSourcesBuildPhase;
			buildActionMask = 2147483647;
			files = (
				4EC690A21CBC35F20031C764 /* Observ_amUITests.m in Sources */,
			);
			runOnlyForDeploymentPostprocessing = 0;
		};
/* End PBXSourcesBuildPhase section */

/* Begin PBXTargetDependency section */
		4EC690941CBC35F20031C764 /* PBXTargetDependency */ = {
			isa = PBXTargetDependency;
			target = 4EC690751CBC35F10031C764 /* Observ'am */;
			targetProxy = 4EC690931CBC35F20031C764 /* PBXContainerItemProxy */;
		};
		4EC6909F1CBC35F20031C764 /* PBXTargetDependency */ = {
			isa = PBXTargetDependency;
			target = 4EC690751CBC35F10031C764 /* Observ'am */;
			targetProxy = 4EC6909E1CBC35F20031C764 /* PBXContainerItemProxy */;
		};
/* End PBXTargetDependency section */

/* Begin PBXVariantGroup section */
		4EC690851CBC35F20031C764 /* Main.storyboard */ = {
			isa = PBXVariantGroup;
			children = (
				4EC690861CBC35F20031C764 /* Base */,
			);
			name = Main.storyboard;
			sourceTree = "<group>";
		};
		4EC6908A1CBC35F20031C764 /* LaunchScreen.storyboard */ = {
			isa = PBXVariantGroup;
			children = (
				4EC6908B1CBC35F20031C764 /* Base */,
			);
			name = LaunchScreen.storyboard;
			sourceTree = "<group>";
		};
/* End PBXVariantGroup section */

/* Begin XCBuildConfiguration section */
		4EC690A41CBC35F20031C764 /* Debug */ = {
			isa = XCBuildConfiguration;
			buildSettings = {
				ALWAYS_SEARCH_USER_PATHS = NO;
				CLANG_ANALYZER_NONNULL = YES;
				CLANG_CXX_LANGUAGE_STANDARD = "gnu++0x";
				CLANG_CXX_LIBRARY = "libc++";
				CLANG_ENABLE_MODULES = YES;
				CLANG_ENABLE_OBJC_ARC = YES;
				CLANG_WARN_BOOL_CONVERSION = YES;
				CLANG_WARN_CONSTANT_CONVERSION = YES;
				CLANG_WARN_DIRECT_OBJC_ISA_USAGE = YES_ERROR;
				CLANG_WARN_EMPTY_BODY = YES;
				CLANG_WARN_ENUM_CONVERSION = YES;
				CLANG_WARN_INT_CONVERSION = YES;
				CLANG_WARN_OBJC_ROOT_CLASS = YES_ERROR;
				CLANG_WARN_UNREACHABLE_CODE = YES;
				CLANG_WARN__DUPLICATE_METHOD_MATCH = YES;
				"CODE_SIGN_IDENTITY[sdk=iphoneos*]" = "iPhone Developer";
				COPY_PHASE_STRIP = NO;
				DEBUG_INFORMATION_FORMAT = dwarf;
				ENABLE_STRICT_OBJC_MSGSEND = YES;
				ENABLE_TESTABILITY = YES;
				GCC_C_LANGUAGE_STANDARD = gnu99;
				GCC_DYNAMIC_NO_PIC = NO;
				GCC_NO_COMMON_BLOCKS = YES;
				GCC_OPTIMIZATION_LEVEL = 0;
				GCC_PREPROCESSOR_DEFINITIONS = (
					"DEBUG=1",
					"$(inherited)",
				);
				GCC_WARN_64_TO_32_BIT_CONVERSION = YES;
				GCC_WARN_ABOUT_RETURN_TYPE = YES_ERROR;
				GCC_WARN_UNDECLARED_SELECTOR = YES;
				GCC_WARN_UNINITIALIZED_AUTOS = YES_AGGRESSIVE;
				GCC_WARN_UNUSED_FUNCTION = YES;
				GCC_WARN_UNUSED_VARIABLE = YES;
				IPHONEOS_DEPLOYMENT_TARGET = 9.3;
				MTL_ENABLE_DEBUG_INFO = YES;
				ONLY_ACTIVE_ARCH = YES;
				SDKROOT = iphoneos;
			};
			name = Debug;
		};
		4EC690A51CBC35F20031C764 /* Release */ = {
			isa = XCBuildConfiguration;
			buildSettings = {
				ALWAYS_SEARCH_USER_PATHS = NO;
				CLANG_ANALYZER_NONNULL = YES;
				CLANG_CXX_LANGUAGE_STANDARD = "gnu++0x";
				CLANG_CXX_LIBRARY = "libc++";
				CLANG_ENABLE_MODULES = YES;
				CLANG_ENABLE_OBJC_ARC = YES;
				CLANG_WARN_BOOL_CONVERSION = YES;
				CLANG_WARN_CONSTANT_CONVERSION = YES;
				CLANG_WARN_DIRECT_OBJC_ISA_USAGE = YES_ERROR;
				CLANG_WARN_EMPTY_BODY = YES;
				CLANG_WARN_ENUM_CONVERSION = YES;
				CLANG_WARN_INT_CONVERSION = YES;
				CLANG_WARN_OBJC_ROOT_CLASS = YES_ERROR;
				CLANG_WARN_UNREACHABLE_CODE = YES;
				CLANG_WARN__DUPLICATE_METHOD_MATCH = YES;
				"CODE_SIGN_IDENTITY[sdk=iphoneos*]" = "iPhone Developer";
				COPY_PHASE_STRIP = NO;
				DEBUG_INFORMATION_FORMAT = "dwarf-with-dsym";
				ENABLE_NS_ASSERTIONS = NO;
				ENABLE_STRICT_OBJC_MSGSEND = YES;
				GCC_C_LANGUAGE_STANDARD = gnu99;
				GCC_NO_COMMON_BLOCKS = YES;
				GCC_WARN_64_TO_32_BIT_CONVERSION = YES;
				GCC_WARN_ABOUT_RETURN_TYPE = YES_ERROR;
				GCC_WARN_UNDECLARED_SELECTOR = YES;
				GCC_WARN_UNINITIALIZED_AUTOS = YES_AGGRESSIVE;
				GCC_WARN_UNUSED_FUNCTION = YES;
				GCC_WARN_UNUSED_VARIABLE = YES;
				IPHONEOS_DEPLOYMENT_TARGET = 9.3;
				MTL_ENABLE_DEBUG_INFO = NO;
				SDKROOT = iphoneos;
				VALIDATE_PRODUCT = YES;
			};
			name = Release;
		};
		4EC690A71CBC35F20031C764 /* Debug */ = {
			isa = XCBuildConfiguration;
			buildSettings = {
				ASSETCATALOG_COMPILER_APPICON_NAME = AppIcon;
				INFOPLIST_FILE = "Observ'am/Info.plist";
				LD_RUNPATH_SEARCH_PATHS = "$(inherited) @executable_path/Frameworks";
				PRODUCT_BUNDLE_IDENTIFIER = "co.godart.Observ-am";
				PRODUCT_NAME = "$(TARGET_NAME)";
			};
			name = Debug;
		};
		4EC690A81CBC35F20031C764 /* Release */ = {
			isa = XCBuildConfiguration;
			buildSettings = {
				ASSETCATALOG_COMPILER_APPICON_NAME = AppIcon;
				INFOPLIST_FILE = "Observ'am/Info.plist";
				LD_RUNPATH_SEARCH_PATHS = "$(inherited) @executable_path/Frameworks";
				PRODUCT_BUNDLE_IDENTIFIER = "co.godart.Observ-am";
				PRODUCT_NAME = "$(TARGET_NAME)";
			};
			name = Release;
		};
		4EC690AA1CBC35F20031C764 /* Debug */ = {
			isa = XCBuildConfiguration;
			buildSettings = {
				BUNDLE_LOADER = "$(TEST_HOST)";
				INFOPLIST_FILE = "Observ'amTests/Info.plist";
				LD_RUNPATH_SEARCH_PATHS = "$(inherited) @executable_path/Frameworks @loader_path/Frameworks";
				PRODUCT_BUNDLE_IDENTIFIER = "co.godart.Observ-amTests";
				PRODUCT_NAME = "$(TARGET_NAME)";
				TEST_HOST = "$(BUILT_PRODUCTS_DIR)/Observ'am.app/Observ'am";
			};
			name = Debug;
		};
		4EC690AB1CBC35F20031C764 /* Release */ = {
			isa = XCBuildConfiguration;
			buildSettings = {
				BUNDLE_LOADER = "$(TEST_HOST)";
				INFOPLIST_FILE = "Observ'amTests/Info.plist";
				LD_RUNPATH_SEARCH_PATHS = "$(inherited) @executable_path/Frameworks @loader_path/Frameworks";
				PRODUCT_BUNDLE_IDENTIFIER = "co.godart.Observ-amTests";
				PRODUCT_NAME = "$(TARGET_NAME)";
				TEST_HOST = "$(BUILT_PRODUCTS_DIR)/Observ'am.app/Observ'am";
			};
			name = Release;
		};
		4EC690AD1CBC35F20031C764 /* Debug */ = {
			isa = XCBuildConfiguration;
			buildSettings = {
				INFOPLIST_FILE = "Observ'amUITests/Info.plist";
				LD_RUNPATH_SEARCH_PATHS = "$(inherited) @executable_path/Frameworks @loader_path/Frameworks";
				PRODUCT_BUNDLE_IDENTIFIER = "co.godart.Observ-amUITests";
				PRODUCT_NAME = "$(TARGET_NAME)";
				TEST_TARGET_NAME = "Observ'am";
			};
			name = Debug;
		};
		4EC690AE1CBC35F20031C764 /* Release */ = {
			isa = XCBuildConfiguration;
			buildSettings = {
				INFOPLIST_FILE = "Observ'amUITests/Info.plist";
				LD_RUNPATH_SEARCH_PATHS = "$(inherited) @executable_path/Frameworks @loader_path/Frameworks";
				PRODUCT_BUNDLE_IDENTIFIER = "co.godart.Observ-amUITests";
				PRODUCT_NAME = "$(TARGET_NAME)";
				TEST_TARGET_NAME = "Observ'am";
			};
			name = Release;
		};
/* End XCBuildConfiguration section */

/* Begin XCConfigurationList section */
		4EC690711CBC35F10031C764 /* Build configuration list for PBXProject "Observ'am" */ = {
			isa = XCConfigurationList;
			buildConfigurations = (
				4EC690A41CBC35F20031C764 /* Debug */,
				4EC690A51CBC35F20031C764 /* Release */,
			);
			defaultConfigurationIsVisible = 0;
			defaultConfigurationName = Release;
		};
		4EC690A61CBC35F20031C764 /* Build configuration list for PBXNativeTarget "Observ'am" */ = {
			isa = XCConfigurationList;
			buildConfigurations = (
				4EC690A71CBC35F20031C764 /* Debug */,
				4EC690A81CBC35F20031C764 /* Release */,
			);
			defaultConfigurationIsVisible = 0;
		};
		4EC690A91CBC35F20031C764 /* Build configuration list for PBXNativeTarget "Observ'amTests" */ = {
			isa = XCConfigurationList;
			buildConfigurations = (
				4EC690AA1CBC35F20031C764 /* Debug */,
				4EC690AB1CBC35F20031C764 /* Release */,
			);
			defaultConfigurationIsVisible = 0;
		};
		4EC690AC1CBC35F20031C764 /* Build configuration list for PBXNativeTarget "Observ'amUITests" */ = {
			isa = XCConfigurationList;
			buildConfigurations = (
				4EC690AD1CBC35F20031C764 /* Debug */,
				4EC690AE1CBC35F20031C764 /* Release */,
			);
			defaultConfigurationIsVisible = 0;
		};
/* End XCConfigurationList section */
	};
	rootObject = 4EC6906E1CBC35F10031C764 /* Project object */;
}
